
Microsoft Visual Studio Solution File, Format Version 12.00
# Visual Studio Version 17
VisualStudioVersion = 17.0.31710.8
MinimumVisualStudioVersion = 10.0.40219.1
Project("{9A19103F-16F7-4668-BE54-9A1E7A4F7556}") = "srt-renamer", "srt-renamer.csproj", "{F758AD2F-02D3-4ACF-AA55-51018B86BD58}"
EndProject
Global
	GlobalSection(SolutionConfigurationPlatforms) = preSolution
		Debug|Any CPU = Debug|Any CPU
		Release|Any CPU = Release|Any CPU
	EndGlobalSection
	GlobalSection(ProjectConfigurationPlatforms) = postSolution
		{F758AD2F-02D3-4ACF-AA55-51018B86BD58}.Debug|Any CPU.ActiveCfg = Debug|Any CPU
		{F758AD2F-02D3-4ACF-AA55-51018B86BD58}.Debug|Any CPU.Build.0 = Debug|Any CPU
		{F758AD2F-02D3-4ACF-AA55-51018B86BD58}.Release|Any CPU.ActiveCfg = Release|Any CPU
		{F758AD2F-02D3-4ACF-AA55-51018B86BD58}.Release|Any CPU.Build.0 = Release|Any CPU
	EndGlobalSection
	GlobalSection(SolutionProperties) = preSolution
		HideSolutionNode = FALSE
	EndGlobalSection
	GlobalSection(ExtensibilityGlobals) = postSolution
		SolutionGuid = {A5339BDE-DCE6-4E1D-8D47-CB40A747E160}
	EndGlobalSection
EndGlobal
